// !$*UTF8*$!
{
	archiveVersion = 1;
	classes = {
	};
	objectVersion = 46;
	objects = {

/* Begin PBXBuildFile section */
		5FCBA6831AF16F0000906844 /* main.m in Sources */ = {isa = PBXBuildFile; fileRef = 5FCBA6821AF16F0000906844 /* main.m */; };
		5FCBA6861AF16F0000906844 /* AppDelegate.m in Sources */ = {isa = PBXBuildFile; fileRef = 5FCBA6851AF16F0000906844 /* AppDelegate.m */; };
		5FCBA6891AF16F0000906844 /* ViewController.m in Sources */ = {isa = PBXBuildFile; fileRef = 5FCBA6881AF16F0000906844 /* ViewController.m */; };
		5FCBA68C1AF16F0000906844 /* Main.storyboard in Resources */ = {isa = PBXBuildFile; fileRef = 5FCBA68A1AF16F0000906844 /* Main.storyboard */; };
		5FCBA68E1AF16F0000906844 /* Images.xcassets in Resources */ = {isa = PBXBuildFile; fileRef = 5FCBA68D1AF16F0000906844 /* Images.xcassets */; };
		5FCBA6911AF16F0000906844 /* LaunchScreen.xib in Resources */ = {isa = PBXBuildFile; fileRef = 5FCBA68F1AF16F0000906844 /* LaunchScreen.xib */; };
		5FCBA69D1AF16F0100906844 /* CloudClubbing1Tests.m in Sources */ = {isa = PBXBuildFile; fileRef = 5FCBA69C1AF16F0100906844 /* CloudClubbing1Tests.m */; };
		5FCBA6A91AF16F2F00906844 /* SWRevealViewController.m in Sources */ = {isa = PBXBuildFile; fileRef = 5FCBA6A81AF16F2F00906844 /* SWRevealViewController.m */; };
		5FCBA6AC1AF1726600906844 /* NavigationViewController.m in Sources */ = {isa = PBXBuildFile; fileRef = 5FCBA6AB1AF1726600906844 /* NavigationViewController.m */; };
		5FCBA6C41AF1A4C800906844 /* about.png in Resources */ = {isa = PBXBuildFile; fileRef = 5FCBA6AE1AF1A4C800906844 /* about.png */; };
		5FCBA6C51AF1A4C800906844 /* camera_icon_thumb in Resources */ = {isa = PBXBuildFile; fileRef = 5FCBA6AF1AF1A4C800906844 /* camera_icon_thumb */; };
		5FCBA6C61AF1A4C800906844 /* cocktail.jpg in Resources */ = {isa = PBXBuildFile; fileRef = 5FCBA6B01AF1A4C800906844 /* cocktail.jpg */; };
		5FCBA6C71AF1A4C800906844 /* event.png in Resources */ = {isa = PBXBuildFile; fileRef = 5FCBA6B11AF1A4C800906844 /* event.png */; };
		5FCBA6C81AF1A4C800906844 /* Food-Cocktail-icon.png in Resources */ = {isa = PBXBuildFile; fileRef = 5FCBA6B21AF1A4C800906844 /* Food-Cocktail-icon.png */; };
		5FCBA6C91AF1A4C800906844 /* news-128.png in Resources */ = {isa = PBXBuildFile; fileRef = 5FCBA6B31AF1A4C800906844 /* news-128.png */; };
		5FCBA6CA1AF1A4C800906844 /* pictures.png in Resources */ = {isa = PBXBuildFile; fileRef = 5FCBA6B41AF1A4C800906844 /* pictures.png */; };
		5FCBA6CB1AF1A4C800906844 /* about.png in Resources */ = {isa = PBXBuildFile; fileRef = 5FCBA6B61AF1A4C800906844 /* about.png */; };
		5FCBA6CC1AF1A4C800906844 /* cocktail.png in Resources */ = {isa = PBXBuildFile; fileRef = 5FCBA6B71AF1A4C800906844 /* cocktail.png */; };
		5FCBA6CD1AF1A4C800906844 /* events.png in Resources */ = {isa = PBXBuildFile; fileRef = 5FCBA6B81AF1A4C800906844 /* events.png */; };
		5FCBA6CE1AF1A4C800906844 /* flux.png in Resources */ = {isa = PBXBuildFile; fileRef = 5FCBA6B91AF1A4C800906844 /* flux.png */; };
		5FCBA6CF1AF1A4C800906844 /* media.png in Resources */ = {isa = PBXBuildFile; fileRef = 5FCBA6BA1AF1A4C800906844 /* media.png */; };
		5FCBA6D01AF1A4C800906844 /* nav.png in Resources */ = {isa = PBXBuildFile; fileRef = 5FCBA6BB1AF1A4C800906844 /* nav.png */; };
		5FCBA6D11AF1A4C800906844 /* splash-background_2_1024.png in Resources */ = {isa = PBXBuildFile; fileRef = 5FCBA6BC1AF1A4C800906844 /* splash-background_2_1024.png */; };
		5FCBA6D21AF1A4C800906844 /* about.psd in Resources */ = {isa = PBXBuildFile; fileRef = 5FCBA6BE1AF1A4C800906844 /* about.psd */; };
		5FCBA6D31AF1A4C800906844 /* cocktail.psd in Resources */ = {isa = PBXBuildFile; fileRef = 5FCBA6BF1AF1A4C800906844 /* cocktail.psd */; };
		5FCBA6D41AF1A4C800906844 /* events.psd in Resources */ = {isa = PBXBuildFile; fileRef = 5FCBA6C01AF1A4C800906844 /* events.psd */; };
		5FCBA6D51AF1A4C800906844 /* flux.psd in Resources */ = {isa = PBXBuildFile; fileRef = 5FCBA6C11AF1A4C800906844 /* flux.psd */; };
		5FCBA6D61AF1A4C800906844 /* media.psd in Resources */ = {isa = PBXBuildFile; fileRef = 5FCBA6C21AF1A4C800906844 /* media.psd */; };
		5FCBA6D71AF1A4C800906844 /* video_camera.png in Resources */ = {isa = PBXBuildFile; fileRef = 5FCBA6C31AF1A4C800906844 /* video_camera.png */; };
		5FCBA6D91AF1A67600906844 /* 2016_logo_CloudClubbing.png in Resources */ = {isa = PBXBuildFile; fileRef = 5FCBA6D81AF1A67600906844 /* 2016_logo_CloudClubbing.png */; };
		5FCBA6DC1AF1ACF700906844 /* MyAccountView.m in Sources */ = {isa = PBXBuildFile; fileRef = 5FCBA6DB1AF1ACF700906844 /* MyAccountView.m */; };
/* End PBXBuildFile section */

/* Begin PBXContainerItemProxy section */
		5FCBA6971AF16F0100906844 /* PBXContainerItemProxy */ = {
			isa = PBXContainerItemProxy;
			containerPortal = 5FCBA6751AF16F0000906844 /* Project object */;
			proxyType = 1;
			remoteGlobalIDString = 5FCBA67C1AF16F0000906844;
			remoteInfo = CloudClubbing1;
		};
/* End PBXContainerItemProxy section */

/* Begin PBXFileReference section */
		5FCBA67D1AF16F0000906844 /* CloudClubbing1.app */ = {isa = PBXFileReference; explicitFileType = wrapper.application; includeInIndex = 0; path = CloudClubbing1.app; sourceTree = BUILT_PRODUCTS_DIR; };
		5FCBA6811AF16F0000906844 /* Info.plist */ = {isa = PBXFileReference; lastKnownFileType = text.plist.xml; path = Info.plist; sourceTree = "<group>"; };
		5FCBA6821AF16F0000906844 /* main.m */ = {isa = PBXFileReference; lastKnownFileType = sourcecode.c.objc; path = main.m; sourceTree = "<group>"; };
		5FCBA6841AF16F0000906844 /* AppDelegate.h */ = {isa = PBXFileReference; lastKnownFileType = sourcecode.c.h; path = AppDelegate.h; sourceTree = "<group>"; };
		5FCBA6851AF16F0000906844 /* AppDelegate.m */ = {isa = PBXFileReference; lastKnownFileType = sourcecode.c.objc; path = AppDelegate.m; sourceTree = "<group>"; };
		5FCBA6871AF16F0000906844 /* ViewController.h */ = {isa = PBXFileReference; lastKnownFileType = sourcecode.c.h; path = ViewController.h; sourceTree = "<group>"; };
		5FCBA6881AF16F0000906844 /* ViewController.m */ = {isa = PBXFileReference; lastKnownFileType = sourcecode.c.objc; path = ViewController.m; sourceTree = "<group>"; };
		5FCBA68B1AF16F0000906844 /* Base */ = {isa = PBXFileReference; lastKnownFileType = file.storyboard; name = Base; path = Base.lproj/Main.storyboard; sourceTree = "<group>"; };
		5FCBA68D1AF16F0000906844 /* Images.xcassets */ = {isa = PBXFileReference; lastKnownFileType = folder.assetcatalog; path = Images.xcassets; sourceTree = "<group>"; };
		5FCBA6901AF16F0000906844 /* Base */ = {isa = PBXFileReference; lastKnownFileType = file.xib; name = Base; path = Base.lproj/LaunchScreen.xib; sourceTree = "<group>"; };
		5FCBA6961AF16F0100906844 /* CloudClubbing1Tests.xctest */ = {isa = PBXFileReference; explicitFileType = wrapper.cfbundle; includeInIndex = 0; path = CloudClubbing1Tests.xctest; sourceTree = BUILT_PRODUCTS_DIR; };
		5FCBA69B1AF16F0100906844 /* Info.plist */ = {isa = PBXFileReference; lastKnownFileType = text.plist.xml; path = Info.plist; sourceTree = "<group>"; };
		5FCBA69C1AF16F0100906844 /* CloudClubbing1Tests.m */ = {isa = PBXFileReference; lastKnownFileType = sourcecode.c.objc; path = CloudClubbing1Tests.m; sourceTree = "<group>"; };
		5FCBA6A71AF16F2F00906844 /* SWRevealViewController.h */ = {isa = PBXFileReference; fileEncoding = 4; lastKnownFileType = sourcecode.c.h; path = SWRevealViewController.h; sourceTree = "<group>"; };
		5FCBA6A81AF16F2F00906844 /* SWRevealViewController.m */ = {isa = PBXFileReference; fileEncoding = 4; lastKnownFileType = sourcecode.c.objc; path = SWRevealViewController.m; sourceTree = "<group>"; };
		5FCBA6AA1AF1726600906844 /* NavigationViewController.h */ = {isa = PBXFileReference; fileEncoding = 4; lastKnownFileType = sourcecode.c.h; name = NavigationViewController.h; path = ../NavigationViewController.h; sourceTree = "<group>"; };
		5FCBA6AB1AF1726600906844 /* NavigationViewController.m */ = {isa = PBXFileReference; fileEncoding = 4; lastKnownFileType = sourcecode.c.objc; name = NavigationViewController.m; path = ../NavigationViewController.m; sourceTree = "<group>"; };
		5FCBA6AE1AF1A4C800906844 /* about.png */ = {isa = PBXFileReference; lastKnownFileType = image.png; path = about.png; sourceTree = "<group>"; };
		5FCBA6AF1AF1A4C800906844 /* camera_icon_thumb */ = {isa = PBXFileReference; lastKnownFileType = file; path = camera_icon_thumb; sourceTree = "<group>"; };
		5FCBA6B01AF1A4C800906844 /* cocktail.jpg */ = {isa = PBXFileReference; lastKnownFileType = image.jpeg; path = cocktail.jpg; sourceTree = "<group>"; };
		5FCBA6B11AF1A4C800906844 /* event.png */ = {isa = PBXFileReference; lastKnownFileType = image.png; path = event.png; sourceTree = "<group>"; };
		5FCBA6B21AF1A4C800906844 /* Food-Cocktail-icon.png */ = {isa = PBXFileReference; lastKnownFileType = image.png; path = "Food-Cocktail-icon.png"; sourceTree = "<group>"; };
		5FCBA6B31AF1A4C800906844 /* news-128.png */ = {isa = PBXFileReference; lastKnownFileType = image.png; path = "news-128.png"; sourceTree = "<group>"; };
		5FCBA6B41AF1A4C800906844 /* pictures.png */ = {isa = PBXFileReference; lastKnownFileType = image.png; path = pictures.png; sourceTree = "<group>"; };
		5FCBA6B61AF1A4C800906844 /* about.png */ = {isa = PBXFileReference; lastKnownFileType = image.png; path = about.png; sourceTree = "<group>"; };
		5FCBA6B71AF1A4C800906844 /* cocktail.png */ = {isa = PBXFileReference; lastKnownFileType = image.png; path = cocktail.png; sourceTree = "<group>"; };
		5FCBA6B81AF1A4C800906844 /* events.png */ = {isa = PBXFileReference; lastKnownFileType = image.png; path = events.png; sourceTree = "<group>"; };
		5FCBA6B91AF1A4C800906844 /* flux.png */ = {isa = PBXFileReference; lastKnownFileType = image.png; path = flux.png; sourceTree = "<group>"; };
		5FCBA6BA1AF1A4C800906844 /* media.png */ = {isa = PBXFileReference; lastKnownFileType = image.png; path = media.png; sourceTree = "<group>"; };
		5FCBA6BB1AF1A4C800906844 /* nav.png */ = {isa = PBXFileReference; lastKnownFileType = image.png; path = nav.png; sourceTree = "<group>"; };
		5FCBA6BC1AF1A4C800906844 /* splash-background_2_1024.png */ = {isa = PBXFileReference; lastKnownFileType = image.png; path = "splash-background_2_1024.png"; sourceTree = "<group>"; };
		5FCBA6BE1AF1A4C800906844 /* about.psd */ = {isa = PBXFileReference; lastKnownFileType = file; path = about.psd; sourceTree = "<group>"; };
		5FCBA6BF1AF1A4C800906844 /* cocktail.psd */ = {isa = PBXFileReference; lastKnownFileType = file; path = cocktail.psd; sourceTree = "<group>"; };
		5FCBA6C01AF1A4C800906844 /* events.psd */ = {isa = PBXFileReference; lastKnownFileType = file; path = events.psd; sourceTree = "<group>"; };
		5FCBA6C11AF1A4C800906844 /* flux.psd */ = {isa = PBXFileReference; lastKnownFileType = file; path = flux.psd; sourceTree = "<group>"; };
		5FCBA6C21AF1A4C800906844 /* media.psd */ = {isa = PBXFileReference; lastKnownFileType = file; path = media.psd; sourceTree = "<group>"; };
		5FCBA6C31AF1A4C800906844 /* video_camera.png */ = {isa = PBXFileReference; lastKnownFileType = image.png; path = video_camera.png; sourceTree = "<group>"; };
		5FCBA6D81AF1A67600906844 /* 2016_logo_CloudClubbing.png */ = {isa = PBXFileReference; lastKnownFileType = image.png; path = 2016_logo_CloudClubbing.png; sourceTree = "<group>"; };
		5FCBA6DA1AF1ACF700906844 /* MyAccountView.h */ = {isa = PBXFileReference; fileEncoding = 4; lastKnownFileType = sourcecode.c.h; path = MyAccountView.h; sourceTree = "<group>"; };
		5FCBA6DB1AF1ACF700906844 /* MyAccountView.m */ = {isa = PBXFileReference; fileEncoding = 4; lastKnownFileType = sourcecode.c.objc; path = MyAccountView.m; sourceTree = "<group>"; };
/* End PBXFileReference section */

/* Begin PBXFrameworksBuildPhase section */
		5FCBA67A1AF16F0000906844 /* Frameworks */ = {
			isa = PBXFrameworksBuildPhase;
			buildActionMask = 2147483647;
			files = (
			);
			runOnlyForDeploymentPostprocessing = 0;
		};
		5FCBA6931AF16F0100906844 /* Frameworks */ = {
			isa = PBXFrameworksBuildPhase;
			buildActionMask = 2147483647;
			files = (
			);
			runOnlyForDeploymentPostprocessing = 0;
		};
/* End PBXFrameworksBuildPhase section */

/* Begin PBXGroup section */
		5FCBA6741AF16F0000906844 = {
			isa = PBXGroup;
			children = (
				5FCBA67F1AF16F0000906844 /* CloudClubbing1 */,
				5FCBA6991AF16F0100906844 /* CloudClubbing1Tests */,
				5FCBA67E1AF16F0000906844 /* Products */,
			);
			sourceTree = "<group>";
		};
		5FCBA67E1AF16F0000906844 /* Products */ = {
			isa = PBXGroup;
			children = (
				5FCBA67D1AF16F0000906844 /* CloudClubbing1.app */,
				5FCBA6961AF16F0100906844 /* CloudClubbing1Tests.xctest */,
			);
			name = Products;
			sourceTree = "<group>";
		};
		5FCBA67F1AF16F0000906844 /* CloudClubbing1 */ = {
			isa = PBXGroup;
			children = (
				5FCBA6A61AF16F0700906844 /* SW */,
				5FCBA6AA1AF1726600906844 /* NavigationViewController.h */,
				5FCBA6AB1AF1726600906844 /* NavigationViewController.m */,
				5FCBA6841AF16F0000906844 /* AppDelegate.h */,
				5FCBA6851AF16F0000906844 /* AppDelegate.m */,
				5FCBA6871AF16F0000906844 /* ViewController.h */,
				5FCBA6881AF16F0000906844 /* ViewController.m */,
				5FCBA6DA1AF1ACF700906844 /* MyAccountView.h */,
				5FCBA6DB1AF1ACF700906844 /* MyAccountView.m */,
				5FCBA68A1AF16F0000906844 /* Main.storyboard */,
				5FCBA68D1AF16F0000906844 /* Images.xcassets */,
				5FCBA68F1AF16F0000906844 /* LaunchScreen.xib */,
				5FCBA6801AF16F0000906844 /* Supporting Files */,
			);
			path = CloudClubbing1;
			sourceTree = "<group>";
		};
		5FCBA6801AF16F0000906844 /* Supporting Files */ = {
			isa = PBXGroup;
			children = (
				5FCBA6AD1AF1A4C800906844 /* images */,
				5FCBA6811AF16F0000906844 /* Info.plist */,
				5FCBA6821AF16F0000906844 /* main.m */,
			);
			name = "Supporting Files";
			sourceTree = "<group>";
		};
		5FCBA6991AF16F0100906844 /* CloudClubbing1Tests */ = {
			isa = PBXGroup;
			children = (
				5FCBA69C1AF16F0100906844 /* CloudClubbing1Tests.m */,
				5FCBA69A1AF16F0100906844 /* Supporting Files */,
			);
			path = CloudClubbing1Tests;
			sourceTree = "<group>";
		};
		5FCBA69A1AF16F0100906844 /* Supporting Files */ = {
			isa = PBXGroup;
			children = (
				5FCBA69B1AF16F0100906844 /* Info.plist */,
			);
			name = "Supporting Files";
			sourceTree = "<group>";
		};
		5FCBA6A61AF16F0700906844 /* SW */ = {
			isa = PBXGroup;
			children = (
				5FCBA6A71AF16F2F00906844 /* SWRevealViewController.h */,
				5FCBA6A81AF16F2F00906844 /* SWRevealViewController.m */,
			);
			name = SW;
			sourceTree = "<group>";
		};
		5FCBA6AD1AF1A4C800906844 /* images */ = {
			isa = PBXGroup;
			children = (
				5FCBA6AE1AF1A4C800906844 /* about.png */,
				5FCBA6AF1AF1A4C800906844 /* camera_icon_thumb */,
				5FCBA6B01AF1A4C800906844 /* cocktail.jpg */,
				5FCBA6B11AF1A4C800906844 /* event.png */,
				5FCBA6B21AF1A4C800906844 /* Food-Cocktail-icon.png */,
				5FCBA6B31AF1A4C800906844 /* news-128.png */,
				5FCBA6B41AF1A4C800906844 /* pictures.png */,
				5FCBA6B51AF1A4C800906844 /* png */,
				5FCBA6BD1AF1A4C800906844 /* psd */,
				5FCBA6C31AF1A4C800906844 /* video_camera.png */,
			);
			path = images;
			sourceTree = SOURCE_ROOT;
		};
		5FCBA6B51AF1A4C800906844 /* png */ = {
			isa = PBXGroup;
			children = (
				5FCBA6D81AF1A67600906844 /* 2016_logo_CloudClubbing.png */,
				5FCBA6B61AF1A4C800906844 /* about.png */,
				5FCBA6B71AF1A4C800906844 /* cocktail.png */,
				5FCBA6B81AF1A4C800906844 /* events.png */,
				5FCBA6B91AF1A4C800906844 /* flux.png */,
				5FCBA6BA1AF1A4C800906844 /* media.png */,
				5FCBA6BB1AF1A4C800906844 /* nav.png */,
				5FCBA6BC1AF1A4C800906844 /* splash-background_2_1024.png */,
			);
			path = png;
			sourceTree = "<group>";
		};
		5FCBA6BD1AF1A4C800906844 /* psd */ = {
			isa = PBXGroup;
			children = (
				5FCBA6BE1AF1A4C800906844 /* about.psd */,
				5FCBA6BF1AF1A4C800906844 /* cocktail.psd */,
				5FCBA6C01AF1A4C800906844 /* events.psd */,
				5FCBA6C11AF1A4C800906844 /* flux.psd */,
				5FCBA6C21AF1A4C800906844 /* media.psd */,
			);
			path = psd;
			sourceTree = "<group>";
		};
/* End PBXGroup section */

/* Begin PBXNativeTarget section */
		5FCBA67C1AF16F0000906844 /* CloudClubbing1 */ = {
			isa = PBXNativeTarget;
			buildConfigurationList = 5FCBA6A01AF16F0100906844 /* Build configuration list for PBXNativeTarget "CloudClubbing1" */;
			buildPhases = (
				5FCBA6791AF16F0000906844 /* Sources */,
				5FCBA67A1AF16F0000906844 /* Frameworks */,
				5FCBA67B1AF16F0000906844 /* Resources */,
			);
			buildRules = (
			);
			dependencies = (
			);
			name = CloudClubbing1;
			productName = CloudClubbing1;
			productReference = 5FCBA67D1AF16F0000906844 /* CloudClubbing1.app */;
			productType = "com.apple.product-type.application";
		};
		5FCBA6951AF16F0100906844 /* CloudClubbing1Tests */ = {
			isa = PBXNativeTarget;
			buildConfigurationList = 5FCBA6A31AF16F0100906844 /* Build configuration list for PBXNativeTarget "CloudClubbing1Tests" */;
			buildPhases = (
				5FCBA6921AF16F0100906844 /* Sources */,
				5FCBA6931AF16F0100906844 /* Frameworks */,
				5FCBA6941AF16F0100906844 /* Resources */,
			);
			buildRules = (
			);
			dependencies = (
				5FCBA6981AF16F0100906844 /* PBXTargetDependency */,
			);
			name = CloudClubbing1Tests;
			productName = CloudClubbing1Tests;
			productReference = 5FCBA6961AF16F0100906844 /* CloudClubbing1Tests.xctest */;
			productType = "com.apple.product-type.bundle.unit-test";
		};
/* End PBXNativeTarget section */

/* Begin PBXProject section */
		5FCBA6751AF16F0000906844 /* Project object */ = {
			isa = PBXProject;
			attributes = {
				LastUpgradeCheck = 0610;
				ORGANIZATIONNAME = CloudClubbing;
				TargetAttributes = {
					5FCBA67C1AF16F0000906844 = {
						CreatedOnToolsVersion = 6.1;
					};
					5FCBA6951AF16F0100906844 = {
						CreatedOnToolsVersion = 6.1;
						TestTargetID = 5FCBA67C1AF16F0000906844;
					};
				};
			};
			buildConfigurationList = 5FCBA6781AF16F0000906844 /* Build configuration list for PBXProject "CloudClubbing1" */;
			compatibilityVersion = "Xcode 3.2";
			developmentRegion = English;
			hasScannedForEncodings = 0;
			knownRegions = (
				en,
				Base,
			);
			mainGroup = 5FCBA6741AF16F0000906844;
			productRefGroup = 5FCBA67E1AF16F0000906844 /* Products */;
			projectDirPath = "";
			projectRoot = "";
			targets = (
				5FCBA67C1AF16F0000906844 /* CloudClubbing1 */,
				5FCBA6951AF16F0100906844 /* CloudClubbing1Tests */,
			);
		};
/* End PBXProject section */

/* Begin PBXResourcesBuildPhase section */
		5FCBA67B1AF16F0000906844 /* Resources */ = {
			isa = PBXResourcesBuildPhase;
			buildActionMask = 2147483647;
			files = (
				5FCBA6D41AF1A4C800906844 /* events.psd in Resources */,
				5FCBA6CF1AF1A4C800906844 /* media.png in Resources */,
				5FCBA68C1AF16F0000906844 /* Main.storyboard in Resources */,
				5FCBA6D91AF1A67600906844 /* 2016_logo_CloudClubbing.png in Resources */,
				5FCBA6CC1AF1A4C800906844 /* cocktail.png in Resources */,
				5FCBA6CE1AF1A4C800906844 /* flux.png in Resources */,
				5FCBA6C51AF1A4C800906844 /* camera_icon_thumb in Resources */,
				5FCBA6C91AF1A4C800906844 /* news-128.png in Resources */,
				5FCBA6D51AF1A4C800906844 /* flux.psd in Resources */,
				5FCBA6911AF16F0000906844 /* LaunchScreen.xib in Resources */,
				5FCBA6CA1AF1A4C800906844 /* pictures.png in Resources */,
				5FCBA6D71AF1A4C800906844 /* video_camera.png in Resources */,
				5FCBA6CD1AF1A4C800906844 /* events.png in Resources */,
				5FCBA6C61AF1A4C800906844 /* cocktail.jpg in Resources */,
				5FCBA68E1AF16F0000906844 /* Images.xcassets in Resources */,
				5FCBA6D21AF1A4C800906844 /* about.psd in Resources */,
				5FCBA6D61AF1A4C800906844 /* media.psd in Resources */,
				5FCBA6D31AF1A4C800906844 /* cocktail.psd in Resources */,
				5FCBA6C41AF1A4C800906844 /* about.png in Resources */,
				5FCBA6C81AF1A4C800906844 /* Food-Cocktail-icon.png in Resources */,
				5FCBA6D11AF1A4C800906844 /* splash-background_2_1024.png in Resources */,
				5FCBA6CB1AF1A4C800906844 /* about.png in Resources */,
				5FCBA6C71AF1A4C800906844 /* event.png in Resources */,
				5FCBA6D01AF1A4C800906844 /* nav.png in Resources */,
			);
			runOnlyForDeploymentPostprocessing = 0;
		};
		5FCBA6941AF16F0100906844 /* Resources */ = {
			isa = PBXResourcesBuildPhase;
			buildActionMask = 2147483647;
			files = (
			);
			runOnlyForDeploymentPostprocessing = 0;
		};
/* End PBXResourcesBuildPhase section */

/* Begin PBXSourcesBuildPhase section */
		5FCBA6791AF16F0000906844 /* Sources */ = {
			isa = PBXSourcesBuildPhase;
			buildActionMask = 2147483647;
			files = (
				5FCBA6DC1AF1ACF700906844 /* MyAccountView.m in Sources */,
				5FCBA6891AF16F0000906844 /* ViewController.m in Sources */,
				5FCBA6861AF16F0000906844 /* AppDelegate.m in Sources */,
				5FCBA6AC1AF1726600906844 /* NavigationViewController.m in Sources */,
				5FCBA6831AF16F0000906844 /* main.m in Sources */,
				5FCBA6A91AF16F2F00906844 /* SWRevealViewController.m in Sources */,
			);
			runOnlyForDeploymentPostprocessing = 0;
		};
		5FCBA6921AF16F0100906844 /* Sources */ = {
			isa = PBXSourcesBuildPhase;
			buildActionMask = 2147483647;
			files = (
				5FCBA69D1AF16F0100906844 /* CloudClubbing1Tests.m in Sources */,
			);
			runOnlyForDeploymentPostprocessing = 0;
		};
/* End PBXSourcesBuildPhase section */

/* Begin PBXTargetDependency section */
		5FCBA6981AF16F0100906844 /* PBXTargetDependency */ = {
			isa = PBXTargetDependency;
			target = 5FCBA67C1AF16F0000906844 /* CloudClubbing1 */;
			targetProxy = 5FCBA6971AF16F0100906844 /* PBXContainerItemProxy */;
		};
/* End PBXTargetDependency section */

/* Begin PBXVariantGroup section */
		5FCBA68A1AF16F0000906844 /* Main.storyboard */ = {
			isa = PBXVariantGroup;
			children = (
				5FCBA68B1AF16F0000906844 /* Base */,
			);
			name = Main.storyboard;
			sourceTree = "<group>";
		};
		5FCBA68F1AF16F0000906844 /* LaunchScreen.xib */ = {
			isa = PBXVariantGroup;
			children = (
				5FCBA6901AF16F0000906844 /* Base */,
			);
			name = LaunchScreen.xib;
			sourceTree = "<group>";
		};
/* End PBXVariantGroup section */

/* Begin XCBuildConfiguration section */
		5FCBA69E1AF16F0100906844 /* Debug */ = {
			isa = XCBuildConfiguration;
			buildSettings = {
				ALWAYS_SEARCH_USER_PATHS = NO;
				CLANG_CXX_LANGUAGE_STANDARD = "gnu++0x";
				CLANG_CXX_LIBRARY = "libc++";
				CLANG_ENABLE_MODULES = YES;
				CLANG_ENABLE_OBJC_ARC = YES;
				CLANG_WARN_BOOL_CONVERSION = YES;
				CLANG_WARN_CONSTANT_CONVERSION = YES;
				CLANG_WARN_DIRECT_OBJC_ISA_USAGE = YES_ERROR;
				CLANG_WARN_EMPTY_BODY = YES;
				CLANG_WARN_ENUM_CONVERSION = YES;
				CLANG_WARN_INT_CONVERSION = YES;
				CLANG_WARN_OBJC_ROOT_CLASS = YES_ERROR;
				CLANG_WARN_UNREACHABLE_CODE = YES;
				CLANG_WARN__DUPLICATE_METHOD_MATCH = YES;
				"CODE_SIGN_IDENTITY[sdk=iphoneos*]" = "iPhone Developer";
				COPY_PHASE_STRIP = NO;
				ENABLE_STRICT_OBJC_MSGSEND = YES;
				GCC_C_LANGUAGE_STANDARD = gnu99;
				GCC_DYNAMIC_NO_PIC = NO;
				GCC_OPTIMIZATION_LEVEL = 0;
				GCC_PREPROCESSOR_DEFINITIONS = (
					"DEBUG=1",
					"$(inherited)",
				);
				GCC_SYMBOLS_PRIVATE_EXTERN = NO;
				GCC_WARN_64_TO_32_BIT_CONVERSION = YES;
				GCC_WARN_ABOUT_RETURN_TYPE = YES_ERROR;
				GCC_WARN_UNDECLARED_SELECTOR = YES;
				GCC_WARN_UNINITIALIZED_AUTOS = YES_AGGRESSIVE;
				GCC_WARN_UNUSED_FUNCTION = YES;
				GCC_WARN_UNUSED_VARIABLE = YES;
				IPHONEOS_DEPLOYMENT_TARGET = 8.1;
				MTL_ENABLE_DEBUG_INFO = YES;
				ONLY_ACTIVE_ARCH = YES;
				SDKROOT = iphoneos;
			};
			name = Debug;
		};
		5FCBA69F1AF16F0100906844 /* Release */ = {
			isa = XCBuildConfiguration;
			buildSettings = {
				ALWAYS_SEARCH_USER_PATHS = NO;
				CLANG_CXX_LANGUAGE_STANDARD = "gnu++0x";
				CLANG_CXX_LIBRARY = "libc++";
				CLANG_ENABLE_MODULES = YES;
				CLANG_ENABLE_OBJC_ARC = YES;
				CLANG_WARN_BOOL_CONVERSION = YES;
				CLANG_WARN_CONSTANT_CONVERSION = YES;
				CLANG_WARN_DIRECT_OBJC_ISA_USAGE = YES_ERROR;
				CLANG_WARN_EMPTY_BODY = YES;
				CLANG_WARN_ENUM_CONVERSION = YES;
				CLANG_WARN_INT_CONVERSION = YES;
				CLANG_WARN_OBJC_ROOT_CLASS = YES_ERROR;
				CLANG_WARN_UNREACHABLE_CODE = YES;
				CLANG_WARN__DUPLICATE_METHOD_MATCH = YES;
				"CODE_SIGN_IDENTITY[sdk=iphoneos*]" = "iPhone Developer";
				COPY_PHASE_STRIP = YES;
				ENABLE_NS_ASSERTIONS = NO;
				ENABLE_STRICT_OBJC_MSGSEND = YES;
				GCC_C_LANGUAGE_STANDARD = gnu99;
				GCC_WARN_64_TO_32_BIT_CONVERSION = YES;
				GCC_WARN_ABOUT_RETURN_TYPE = YES_ERROR;
				GCC_WARN_UNDECLARED_SELECTOR = YES;
				GCC_WARN_UNINITIALIZED_AUTOS = YES_AGGRESSIVE;
				GCC_WARN_UNUSED_FUNCTION = YES;
				GCC_WARN_UNUSED_VARIABLE = YES;
				IPHONEOS_DEPLOYMENT_TARGET = 8.1;
				MTL_ENABLE_DEBUG_INFO = NO;
				SDKROOT = iphoneos;
				VALIDATE_PRODUCT = YES;
			};
			name = Release;
		};
		5FCBA6A11AF16F0100906844 /* Debug */ = {
			isa = XCBuildConfiguration;
			buildSettings = {
				ASSETCATALOG_COMPILER_APPICON_NAME = AppIcon;
				INFOPLIST_FILE = CloudClubbing1/Info.plist;
				LD_RUNPATH_SEARCH_PATHS = "$(inherited) @executable_path/Frameworks";
				PRODUCT_NAME = "$(TARGET_NAME)";
			};
			name = Debug;
		};
		5FCBA6A21AF16F0100906844 /* Release */ = {
			isa = XCBuildConfiguration;
			buildSettings = {
				ASSETCATALOG_COMPILER_APPICON_NAME = AppIcon;
				INFOPLIST_FILE = CloudClubbing1/Info.plist;
				LD_RUNPATH_SEARCH_PATHS = "$(inherited) @executable_path/Frameworks";
				PRODUCT_NAME = "$(TARGET_NAME)";
			};
			name = Release;
		};
		5FCBA6A41AF16F0100906844 /* Debug */ = {
			isa = XCBuildConfiguration;
			buildSettings = {
				BUNDLE_LOADER = "$(TEST_HOST)";
				FRAMEWORK_SEARCH_PATHS = (
					"$(SDKROOT)/Developer/Library/Frameworks",
					"$(inherited)",
				);
				GCC_PREPROCESSOR_DEFINITIONS = (
					"DEBUG=1",
					"$(inherited)",
				);
				INFOPLIST_FILE = CloudClubbing1Tests/Info.plist;
				LD_RUNPATH_SEARCH_PATHS = "$(inherited) @executable_path/Frameworks @loader_path/Frameworks";
				PRODUCT_NAME = "$(TARGET_NAME)";
				TEST_HOST = "$(BUILT_PRODUCTS_DIR)/CloudClubbing1.app/CloudClubbing1";
			};
			name = Debug;
		};
		5FCBA6A51AF16F0100906844 /* Release */ = {
			isa = XCBuildConfiguration;
			buildSettings = {
				BUNDLE_LOADER = "$(TEST_HOST)";
				FRAMEWORK_SEARCH_PATHS = (
					"$(SDKROOT)/Developer/Library/Frameworks",
					"$(inherited)",
				);
				INFOPLIST_FILE = CloudClubbing1Tests/Info.plist;
				LD_RUNPATH_SEARCH_PATHS = "$(inherited) @executable_path/Frameworks @loader_path/Frameworks";
				PRODUCT_NAME = "$(TARGET_NAME)";
				TEST_HOST = "$(BUILT_PRODUCTS_DIR)/CloudClubbing1.app/CloudClubbing1";
			};
			name = Release;
		};
/* End XCBuildConfiguration section */

/* Begin XCConfigurationList section */
		5FCBA6781AF16F0000906844 /* Build configuration list for PBXProject "CloudClubbing1" */ = {
			isa = XCConfigurationList;
			buildConfigurations = (
				5FCBA69E1AF16F0100906844 /* Debug */,
				5FCBA69F1AF16F0100906844 /* Release */,
			);
			defaultConfigurationIsVisible = 0;
			defaultConfigurationName = Release;
		};
		5FCBA6A01AF16F0100906844 /* Build configuration list for PBXNativeTarget "CloudClubbing1" */ = {
			isa = XCConfigurationList;
			buildConfigurations = (
				5FCBA6A11AF16F0100906844 /* Debug */,
				5FCBA6A21AF16F0100906844 /* Release */,
			);
			defaultConfigurationIsVisible = 0;
		};
		5FCBA6A31AF16F0100906844 /* Build configuration list for PBXNativeTarget "CloudClubbing1Tests" */ = {
			isa = XCConfigurationList;
			buildConfigurations = (
				5FCBA6A41AF16F0100906844 /* Debug */,
				5FCBA6A51AF16F0100906844 /* Release */,
			);
			defaultConfigurationIsVisible = 0;
		};
/* End XCConfigurationList section */
	};
	rootObject = 5FCBA6751AF16F0000906844 /* Project object */;
}
